
Microsoft Visual Studio Solution File, Format Version 12.00
# Visual Studio 15
VisualStudioVersion = 15.0.27703.2042
MinimumVisualStudioVersion = 10.0.40219.1
Project("{FAE04EC0-301F-11D3-BF4B-00C04F79EFBC}") = "LibraryManagement", "LibraryManagement\LibraryManagement.csproj", "{634D4B70-3740-4ABC-A435-671949EA895D}"
EndProject
Global
	GlobalSection(SolutionConfigurationPlatforms) = preSolution
		Debug|Any CPU = Debug|Any CPU
		Release|Any CPU = Release|Any CPU
	EndGlobalSection
	GlobalSection(ProjectConfigurationPlatforms) = postSolution
		{634D4B70-3740-4ABC-A435-671949EA895D}.Debug|Any CPU.ActiveCfg = Debug|Any CPU
		{634D4B70-3740-4ABC-A435-671949EA895D}.Debug|Any CPU.Build.0 = Debug|Any CPU
		{634D4B70-3740-4ABC-A435-671949EA895D}.Release|Any CPU.ActiveCfg = Release|Any CPU
		{634D4B70-3740-4ABC-A435-671949EA895D}.Release|Any CPU.Build.0 = Release|Any CPU
	EndGlobalSection
	GlobalSection(SolutionProperties) = preSolution
		HideSolutionNode = FALSE
	EndGlobalSection
	GlobalSection(ExtensibilityGlobals) = postSolution
		SolutionGuid = {457B03A3-6B3C-4853-8266-6AFB1A2A9646}
	EndGlobalSection
EndGlobal
